{
  "name": "dioxus-blog",
  "lockfileVersion": 3,
  "requires": true,
  "packages": {
    "": {
      "dependencies": {
        "daisyui": "^5.3.3"
      }
    },
    "node_modules/daisyui": {
      "version": "5.3.3",
      "resolved": "https://registry.npmjs.org/daisyui/-/daisyui-5.3.3.tgz",
      "integrity": "sha512-led/Thra8tVIZYf/yr97uuNGFVmM2fYhTX8c7pUeFGLjYlY3j+KnjKGIqKGc8O7QNHFUxAmSWkSzq4UkX+bEJQ==",
      "license": "MIT",
      "funding": {
        "url": "https://github.com/saadeghi/daisyui?sponsor=1"
      }
    }
  }
}
